
Microsoft Visual Studio Solution File, Format Version 12.00
# Visual Studio Version 16
VisualStudioVersion = 16.0.35731.53
MinimumVisualStudioVersion = 10.0.40219.1
Project("{FAE04EC0-301F-11D3-BF4B-00C04F79EFBC}") = "MWMAssignment", "MWMAssignment\MWMAssignment.csproj", "{42F9B4E7-4CE5-4043-8388-2ED1ACDD5C4A}"
EndProject
Global
	GlobalSection(SolutionConfigurationPlatforms) = preSolution
		Debug|Any CPU = Debug|Any CPU
		Release|Any CPU = Release|Any CPU
	EndGlobalSection
	GlobalSection(ProjectConfigurationPlatforms) = postSolution
		{42F9B4E7-4CE5-4043-8388-2ED1ACDD5C4A}.Debug|Any CPU.ActiveCfg = Debug|Any CPU
		{42F9B4E7-4CE5-4043-8388-2ED1ACDD5C4A}.Debug|Any CPU.Build.0 = Debug|Any CPU
		{42F9B4E7-4CE5-4043-8388-2ED1ACDD5C4A}.Release|Any CPU.ActiveCfg = Release|Any CPU
		{42F9B4E7-4CE5-4043-8388-2ED1ACDD5C4A}.Release|Any CPU.Build.0 = Release|Any CPU
	EndGlobalSection
	GlobalSection(SolutionProperties) = preSolution
		HideSolutionNode = FALSE
	EndGlobalSection
	GlobalSection(ExtensibilityGlobals) = postSolution
		SolutionGuid = {B0069A52-1193-4209-AE6E-78CCBFF98FC8}
	EndGlobalSection
EndGlobal
